
Microsoft Visual Studio Solution File, Format Version 11.00
# Visual Studio 2010
Project("{FAE04EC0-301F-11D3-BF4B-00C04F79EFBC}") = "Assembly-CSharp", "Assembly-CSharp.csproj", "{a6421a6c-180f-9e09-ea69-06ebba895636}"
EndProject
Project("{FAE04EC0-301F-11D3-BF4B-00C04F79EFBC}") = "Assembly-CSharp-Editor", "Assembly-CSharp-Editor.csproj", "{a9d3d8f9-1bbe-8a8f-eea2-797afa333f1c}"
EndProject
Global
	GlobalSection(SolutionConfigurationPlatforms) = preSolution
		Debug|Any CPU = Debug|Any CPU
	EndGlobalSection
	GlobalSection(ProjectConfigurationPlatforms) = postSolution
		{a6421a6c-180f-9e09-ea69-06ebba895636}.Debug|Any CPU.ActiveCfg = Debug|Any CPU
		{a6421a6c-180f-9e09-ea69-06ebba895636}.Debug|Any CPU.Build.0 = Debug|Any CPU
		{a9d3d8f9-1bbe-8a8f-eea2-797afa333f1c}.Debug|Any CPU.ActiveCfg = Debug|Any CPU
		{a9d3d8f9-1bbe-8a8f-eea2-797afa333f1c}.Debug|Any CPU.Build.0 = Debug|Any CPU
	EndGlobalSection
	GlobalSection(SolutionProperties) = preSolution
		HideSolutionNode = FALSE
	EndGlobalSection
EndGlobal
