
Microsoft Visual Studio Solution File, Format Version 11.00
# Visual Studio 2010
Project("{FAE04EC0-301F-11D3-BF4B-00C04F79EFBC}") = "VRC.SDKBase", "VRC.SDKBase.csproj", "{73757269-6468-CB0D-78A7-44DB2BF03AFA}"
EndProject
Project("{FAE04EC0-301F-11D3-BF4B-00C04F79EFBC}") = "VRC.Udon.Serialization.OdinSerializer", "VRC.Udon.Serialization.OdinSerializer.csproj", "{F090E23F-D8F8-B2CE-8694-EE70FC2A5E77}"
EndProject
Project("{FAE04EC0-301F-11D3-BF4B-00C04F79EFBC}") = "UniTask", "UniTask.csproj", "{92E4A65E-8DC7-01A5-C035-8A327DB1BB95}"
EndProject
Project("{FAE04EC0-301F-11D3-BF4B-00C04F79EFBC}") = "UdonSharp.Runtime", "UdonSharp.Runtime.csproj", "{29C475EF-BD42-E813-1F85-91839F5B2706}"
EndProject
Project("{FAE04EC0-301F-11D3-BF4B-00C04F79EFBC}") = "Assembly-CSharp", "Assembly-CSharp.csproj", "{D82FDF64-27D7-DCEC-8BEB-0B2DB3B0E90A}"
EndProject
Project("{FAE04EC0-301F-11D3-BF4B-00C04F79EFBC}") = "VRC.Udon", "VRC.Udon.csproj", "{1BC13824-BEB0-3F2D-CAEC-23713B5595F7}"
EndProject
Project("{FAE04EC0-301F-11D3-BF4B-00C04F79EFBC}") = "UniTask.Linq", "UniTask.Linq.csproj", "{F9151BB9-F81A-DFB6-9DB4-D021FB2476D2}"
EndProject
Project("{FAE04EC0-301F-11D3-BF4B-00C04F79EFBC}") = "VRC.ClientSim", "VRC.ClientSim.csproj", "{45EB3A35-4C4C-62A7-3355-132BB15F347B}"
EndProject
Project("{FAE04EC0-301F-11D3-BF4B-00C04F79EFBC}") = "VRC.SDK3", "VRC.SDK3.csproj", "{BD7EE16B-6BFD-D07B-1F44-D1C738AC8FF5}"
EndProject
Project("{FAE04EC0-301F-11D3-BF4B-00C04F79EFBC}") = "UdonSharp.Lib", "UdonSharp.Lib.csproj", "{7EECDD56-CCE9-6E58-9798-47B14816EC84}"
EndProject
Project("{FAE04EC0-301F-11D3-BF4B-00C04F79EFBC}") = "VRC.SDKBase.Editor.BuildPipeline", "VRC.SDKBase.Editor.BuildPipeline.csproj", "{402DB133-D9DE-A873-C2C9-A724FF28F90F}"
EndProject
Project("{FAE04EC0-301F-11D3-BF4B-00C04F79EFBC}") = "UniTask.TextMeshPro", "UniTask.TextMeshPro.csproj", "{6E75A809-576C-580F-0A75-0C7756F21A4E}"
EndProject
Project("{FAE04EC0-301F-11D3-BF4B-00C04F79EFBC}") = "UniTask.DOTween", "UniTask.DOTween.csproj", "{7ED6EDD5-0AB1-157C-1766-1ABB1E81E497}"
EndProject
Project("{FAE04EC0-301F-11D3-BF4B-00C04F79EFBC}") = "UniTask.Addressables", "UniTask.Addressables.csproj", "{194CC335-05AA-FF54-0AE8-603FE0B6B499}"
EndProject
Project("{FAE04EC0-301F-11D3-BF4B-00C04F79EFBC}") = "UdonSharp.Editor", "UdonSharp.Editor.csproj", "{3991199B-81D7-A1DD-5093-461DDEEECE1F}"
EndProject
Project("{FAE04EC0-301F-11D3-BF4B-00C04F79EFBC}") = "VRC.SDKBase.Editor", "VRC.SDKBase.Editor.csproj", "{9988D1B0-D6C5-9704-F04D-6DA35E9E359A}"
EndProject
Project("{FAE04EC0-301F-11D3-BF4B-00C04F79EFBC}") = "VRC.Udon.Editor", "VRC.Udon.Editor.csproj", "{9B4C1D10-1A52-B7BE-E7A1-D1AF7034439D}"
EndProject
Project("{FAE04EC0-301F-11D3-BF4B-00C04F79EFBC}") = "VRC.SDK3.Editor", "VRC.SDK3.Editor.csproj", "{E7347023-F177-A0C7-D648-0373276DC662}"
EndProject
Project("{FAE04EC0-301F-11D3-BF4B-00C04F79EFBC}") = "UnityEditorTests", "UnityEditorTests.csproj", "{2A8E726F-CB11-49B6-4F7A-D601FB0AB1B9}"
EndProject
Project("{FAE04EC0-301F-11D3-BF4B-00C04F79EFBC}") = "VRC.SDKBase.Editor.ShaderStripping", "VRC.SDKBase.Editor.ShaderStripping.csproj", "{801F3A23-2B53-A1D0-23D6-521BF8737C98}"
EndProject
Project("{FAE04EC0-301F-11D3-BF4B-00C04F79EFBC}") = "com.vrchat.core.vpm-resolver.Editor", "com.vrchat.core.vpm-resolver.Editor.csproj", "{11AABF5F-C10A-C835-BCD3-27CE8F7C5570}"
EndProject
Project("{FAE04EC0-301F-11D3-BF4B-00C04F79EFBC}") = "VRC.ClientSim.Editor", "VRC.ClientSim.Editor.csproj", "{6A594326-A3F4-7BC4-8B1A-03005D6A5DCE}"
EndProject
Project("{FAE04EC0-301F-11D3-BF4B-00C04F79EFBC}") = "UniTask.Editor", "UniTask.Editor.csproj", "{8D760197-81F2-2B32-49DA-6A8B796A6595}"
EndProject
Project("{FAE04EC0-301F-11D3-BF4B-00C04F79EFBC}") = "Assembly-CSharp-Editor", "Assembly-CSharp-Editor.csproj", "{8ACC0C92-BDD2-A0E4-B8A0-082FF2452E59}"
EndProject
Global
	GlobalSection(SolutionConfigurationPlatforms) = preSolution
		Debug|Any CPU = Debug|Any CPU
		Release|Any CPU = Release|Any CPU
	EndGlobalSection
	GlobalSection(ProjectConfigurationPlatforms) = postSolution
		{73757269-6468-CB0D-78A7-44DB2BF03AFA}.Debug|Any CPU.ActiveCfg = Debug|Any CPU
		{73757269-6468-CB0D-78A7-44DB2BF03AFA}.Debug|Any CPU.Build.0 = Debug|Any CPU
		{73757269-6468-CB0D-78A7-44DB2BF03AFA}.Release|Any CPU.ActiveCfg = Release|Any CPU
		{73757269-6468-CB0D-78A7-44DB2BF03AFA}.Release|Any CPU.Build.0 = Release|Any CPU
		{F090E23F-D8F8-B2CE-8694-EE70FC2A5E77}.Debug|Any CPU.ActiveCfg = Debug|Any CPU
		{F090E23F-D8F8-B2CE-8694-EE70FC2A5E77}.Debug|Any CPU.Build.0 = Debug|Any CPU
		{F090E23F-D8F8-B2CE-8694-EE70FC2A5E77}.Release|Any CPU.ActiveCfg = Release|Any CPU
		{F090E23F-D8F8-B2CE-8694-EE70FC2A5E77}.Release|Any CPU.Build.0 = Release|Any CPU
		{92E4A65E-8DC7-01A5-C035-8A327DB1BB95}.Debug|Any CPU.ActiveCfg = Debug|Any CPU
		{92E4A65E-8DC7-01A5-C035-8A327DB1BB95}.Debug|Any CPU.Build.0 = Debug|Any CPU
		{92E4A65E-8DC7-01A5-C035-8A327DB1BB95}.Release|Any CPU.ActiveCfg = Release|Any CPU
		{92E4A65E-8DC7-01A5-C035-8A327DB1BB95}.Release|Any CPU.Build.0 = Release|Any CPU
		{29C475EF-BD42-E813-1F85-91839F5B2706}.Debug|Any CPU.ActiveCfg = Debug|Any CPU
		{29C475EF-BD42-E813-1F85-91839F5B2706}.Debug|Any CPU.Build.0 = Debug|Any CPU
		{29C475EF-BD42-E813-1F85-91839F5B2706}.Release|Any CPU.ActiveCfg = Release|Any CPU
		{29C475EF-BD42-E813-1F85-91839F5B2706}.Release|Any CPU.Build.0 = Release|Any CPU
		{D82FDF64-27D7-DCEC-8BEB-0B2DB3B0E90A}.Debug|Any CPU.ActiveCfg = Debug|Any CPU
		{D82FDF64-27D7-DCEC-8BEB-0B2DB3B0E90A}.Debug|Any CPU.Build.0 = Debug|Any CPU
		{D82FDF64-27D7-DCEC-8BEB-0B2DB3B0E90A}.Release|Any CPU.ActiveCfg = Release|Any CPU
		{D82FDF64-27D7-DCEC-8BEB-0B2DB3B0E90A}.Release|Any CPU.Build.0 = Release|Any CPU
		{1BC13824-BEB0-3F2D-CAEC-23713B5595F7}.Debug|Any CPU.ActiveCfg = Debug|Any CPU
		{1BC13824-BEB0-3F2D-CAEC-23713B5595F7}.Debug|Any CPU.Build.0 = Debug|Any CPU
		{1BC13824-BEB0-3F2D-CAEC-23713B5595F7}.Release|Any CPU.ActiveCfg = Release|Any CPU
		{1BC13824-BEB0-3F2D-CAEC-23713B5595F7}.Release|Any CPU.Build.0 = Release|Any CPU
		{F9151BB9-F81A-DFB6-9DB4-D021FB2476D2}.Debug|Any CPU.ActiveCfg = Debug|Any CPU
		{F9151BB9-F81A-DFB6-9DB4-D021FB2476D2}.Debug|Any CPU.Build.0 = Debug|Any CPU
		{F9151BB9-F81A-DFB6-9DB4-D021FB2476D2}.Release|Any CPU.ActiveCfg = Release|Any CPU
		{F9151BB9-F81A-DFB6-9DB4-D021FB2476D2}.Release|Any CPU.Build.0 = Release|Any CPU
		{45EB3A35-4C4C-62A7-3355-132BB15F347B}.Debug|Any CPU.ActiveCfg = Debug|Any CPU
		{45EB3A35-4C4C-62A7-3355-132BB15F347B}.Debug|Any CPU.Build.0 = Debug|Any CPU
		{45EB3A35-4C4C-62A7-3355-132BB15F347B}.Release|Any CPU.ActiveCfg = Release|Any CPU
		{45EB3A35-4C4C-62A7-3355-132BB15F347B}.Release|Any CPU.Build.0 = Release|Any CPU
		{BD7EE16B-6BFD-D07B-1F44-D1C738AC8FF5}.Debug|Any CPU.ActiveCfg = Debug|Any CPU
		{BD7EE16B-6BFD-D07B-1F44-D1C738AC8FF5}.Debug|Any CPU.Build.0 = Debug|Any CPU
		{BD7EE16B-6BFD-D07B-1F44-D1C738AC8FF5}.Release|Any CPU.ActiveCfg = Release|Any CPU
		{BD7EE16B-6BFD-D07B-1F44-D1C738AC8FF5}.Release|Any CPU.Build.0 = Release|Any CPU
		{7EECDD56-CCE9-6E58-9798-47B14816EC84}.Debug|Any CPU.ActiveCfg = Debug|Any CPU
		{7EECDD56-CCE9-6E58-9798-47B14816EC84}.Debug|Any CPU.Build.0 = Debug|Any CPU
		{7EECDD56-CCE9-6E58-9798-47B14816EC84}.Release|Any CPU.ActiveCfg = Release|Any CPU
		{7EECDD56-CCE9-6E58-9798-47B14816EC84}.Release|Any CPU.Build.0 = Release|Any CPU
		{402DB133-D9DE-A873-C2C9-A724FF28F90F}.Debug|Any CPU.ActiveCfg = Debug|Any CPU
		{402DB133-D9DE-A873-C2C9-A724FF28F90F}.Debug|Any CPU.Build.0 = Debug|Any CPU
		{402DB133-D9DE-A873-C2C9-A724FF28F90F}.Release|Any CPU.ActiveCfg = Release|Any CPU
		{402DB133-D9DE-A873-C2C9-A724FF28F90F}.Release|Any CPU.Build.0 = Release|Any CPU
		{6E75A809-576C-580F-0A75-0C7756F21A4E}.Debug|Any CPU.ActiveCfg = Debug|Any CPU
		{6E75A809-576C-580F-0A75-0C7756F21A4E}.Debug|Any CPU.Build.0 = Debug|Any CPU
		{6E75A809-576C-580F-0A75-0C7756F21A4E}.Release|Any CPU.ActiveCfg = Release|Any CPU
		{6E75A809-576C-580F-0A75-0C7756F21A4E}.Release|Any CPU.Build.0 = Release|Any CPU
		{7ED6EDD5-0AB1-157C-1766-1ABB1E81E497}.Debug|Any CPU.ActiveCfg = Debug|Any CPU
		{7ED6EDD5-0AB1-157C-1766-1ABB1E81E497}.Debug|Any CPU.Build.0 = Debug|Any CPU
		{7ED6EDD5-0AB1-157C-1766-1ABB1E81E497}.Release|Any CPU.ActiveCfg = Release|Any CPU
		{7ED6EDD5-0AB1-157C-1766-1ABB1E81E497}.Release|Any CPU.Build.0 = Release|Any CPU
		{194CC335-05AA-FF54-0AE8-603FE0B6B499}.Debug|Any CPU.ActiveCfg = Debug|Any CPU
		{194CC335-05AA-FF54-0AE8-603FE0B6B499}.Debug|Any CPU.Build.0 = Debug|Any CPU
		{194CC335-05AA-FF54-0AE8-603FE0B6B499}.Release|Any CPU.ActiveCfg = Release|Any CPU
		{194CC335-05AA-FF54-0AE8-603FE0B6B499}.Release|Any CPU.Build.0 = Release|Any CPU
		{3991199B-81D7-A1DD-5093-461DDEEECE1F}.Debug|Any CPU.ActiveCfg = Debug|Any CPU
		{3991199B-81D7-A1DD-5093-461DDEEECE1F}.Debug|Any CPU.Build.0 = Debug|Any CPU
		{3991199B-81D7-A1DD-5093-461DDEEECE1F}.Release|Any CPU.ActiveCfg = Release|Any CPU
		{3991199B-81D7-A1DD-5093-461DDEEECE1F}.Release|Any CPU.Build.0 = Release|Any CPU
		{9988D1B0-D6C5-9704-F04D-6DA35E9E359A}.Debug|Any CPU.ActiveCfg = Debug|Any CPU
		{9988D1B0-D6C5-9704-F04D-6DA35E9E359A}.Debug|Any CPU.Build.0 = Debug|Any CPU
		{9988D1B0-D6C5-9704-F04D-6DA35E9E359A}.Release|Any CPU.ActiveCfg = Release|Any CPU
		{9988D1B0-D6C5-9704-F04D-6DA35E9E359A}.Release|Any CPU.Build.0 = Release|Any CPU
		{9B4C1D10-1A52-B7BE-E7A1-D1AF7034439D}.Debug|Any CPU.ActiveCfg = Debug|Any CPU
		{9B4C1D10-1A52-B7BE-E7A1-D1AF7034439D}.Debug|Any CPU.Build.0 = Debug|Any CPU
		{9B4C1D10-1A52-B7BE-E7A1-D1AF7034439D}.Release|Any CPU.ActiveCfg = Release|Any CPU
		{9B4C1D10-1A52-B7BE-E7A1-D1AF7034439D}.Release|Any CPU.Build.0 = Release|Any CPU
		{E7347023-F177-A0C7-D648-0373276DC662}.Debug|Any CPU.ActiveCfg = Debug|Any CPU
		{E7347023-F177-A0C7-D648-0373276DC662}.Debug|Any CPU.Build.0 = Debug|Any CPU
		{E7347023-F177-A0C7-D648-0373276DC662}.Release|Any CPU.ActiveCfg = Release|Any CPU
		{E7347023-F177-A0C7-D648-0373276DC662}.Release|Any CPU.Build.0 = Release|Any CPU
		{2A8E726F-CB11-49B6-4F7A-D601FB0AB1B9}.Debug|Any CPU.ActiveCfg = Debug|Any CPU
		{2A8E726F-CB11-49B6-4F7A-D601FB0AB1B9}.Debug|Any CPU.Build.0 = Debug|Any CPU
		{2A8E726F-CB11-49B6-4F7A-D601FB0AB1B9}.Release|Any CPU.ActiveCfg = Release|Any CPU
		{2A8E726F-CB11-49B6-4F7A-D601FB0AB1B9}.Release|Any CPU.Build.0 = Release|Any CPU
		{801F3A23-2B53-A1D0-23D6-521BF8737C98}.Debug|Any CPU.ActiveCfg = Debug|Any CPU
		{801F3A23-2B53-A1D0-23D6-521BF8737C98}.Debug|Any CPU.Build.0 = Debug|Any CPU
		{801F3A23-2B53-A1D0-23D6-521BF8737C98}.Release|Any CPU.ActiveCfg = Release|Any CPU
		{801F3A23-2B53-A1D0-23D6-521BF8737C98}.Release|Any CPU.Build.0 = Release|Any CPU
		{11AABF5F-C10A-C835-BCD3-27CE8F7C5570}.Debug|Any CPU.ActiveCfg = Debug|Any CPU
		{11AABF5F-C10A-C835-BCD3-27CE8F7C5570}.Debug|Any CPU.Build.0 = Debug|Any CPU
		{11AABF5F-C10A-C835-BCD3-27CE8F7C5570}.Release|Any CPU.ActiveCfg = Release|Any CPU
		{11AABF5F-C10A-C835-BCD3-27CE8F7C5570}.Release|Any CPU.Build.0 = Release|Any CPU
		{6A594326-A3F4-7BC4-8B1A-03005D6A5DCE}.Debug|Any CPU.ActiveCfg = Debug|Any CPU
		{6A594326-A3F4-7BC4-8B1A-03005D6A5DCE}.Debug|Any CPU.Build.0 = Debug|Any CPU
		{6A594326-A3F4-7BC4-8B1A-03005D6A5DCE}.Release|Any CPU.ActiveCfg = Release|Any CPU
		{6A594326-A3F4-7BC4-8B1A-03005D6A5DCE}.Release|Any CPU.Build.0 = Release|Any CPU
		{8D760197-81F2-2B32-49DA-6A8B796A6595}.Debug|Any CPU.ActiveCfg = Debug|Any CPU
		{8D760197-81F2-2B32-49DA-6A8B796A6595}.Debug|Any CPU.Build.0 = Debug|Any CPU
		{8D760197-81F2-2B32-49DA-6A8B796A6595}.Release|Any CPU.ActiveCfg = Release|Any CPU
		{8D760197-81F2-2B32-49DA-6A8B796A6595}.Release|Any CPU.Build.0 = Release|Any CPU
		{8ACC0C92-BDD2-A0E4-B8A0-082FF2452E59}.Debug|Any CPU.ActiveCfg = Debug|Any CPU
		{8ACC0C92-BDD2-A0E4-B8A0-082FF2452E59}.Debug|Any CPU.Build.0 = Debug|Any CPU
		{8ACC0C92-BDD2-A0E4-B8A0-082FF2452E59}.Release|Any CPU.ActiveCfg = Release|Any CPU
		{8ACC0C92-BDD2-A0E4-B8A0-082FF2452E59}.Release|Any CPU.Build.0 = Release|Any CPU
	EndGlobalSection
	GlobalSection(SolutionProperties) = preSolution
		HideSolutionNode = FALSE
	EndGlobalSection
EndGlobal
